PODS:
  - UIPanGestureRecognizerDirection (1.0.0)

DEPENDENCIES:
  - UIPanGestureRecognizerDirection (from `../`)

EXTERNAL SOURCES:
  UIPanGestureRecognizerDirection:
    :path: ../

SPEC CHECKSUMS:
  UIPanGestureRecognizerDirection: 1ab5096311c867141e3b43be75615633b0c59215

PODFILE CHECKSUM: 42facaaf3594f75b75ebd5daa6fc5de14c47fbaa

COCOAPODS: 1.3.1
